
Microsoft Visual Studio Solution File, Format Version 12.00
# Visual Studio Version 17
VisualStudioVersion = 17.6.33815.320
MinimumVisualStudioVersion = 10.0.40219.1
Project("{9A19103F-16F7-4668-BE54-9A1E7A4F7556}") = "employee_crud_ops.Server", "employee_crud_ops\Server\employee_crud_ops.Server.csproj", "{18726A17-9D9C-4551-AE1F-DC841F820E7A}"
EndProject
Project("{9A19103F-16F7-4668-BE54-9A1E7A4F7556}") = "employee_crud_ops.Client", "employee_crud_ops\Client\employee_crud_ops.Client.csproj", "{C6821C15-8617-4B76-86F5-830F8A994A5B}"
EndProject
Project("{9A19103F-16F7-4668-BE54-9A1E7A4F7556}") = "employee_crud_ops.Shared", "employee_crud_ops\Shared\employee_crud_ops.Shared.csproj", "{CC7AC589-4AC1-407B-A806-067485D91595}"
EndProject
Global
	GlobalSection(SolutionConfigurationPlatforms) = preSolution
		Debug|Any CPU = Debug|Any CPU
		Release|Any CPU = Release|Any CPU
	EndGlobalSection
	GlobalSection(ProjectConfigurationPlatforms) = postSolution
		{18726A17-9D9C-4551-AE1F-DC841F820E7A}.Debug|Any CPU.ActiveCfg = Debug|Any CPU
		{18726A17-9D9C-4551-AE1F-DC841F820E7A}.Debug|Any CPU.Build.0 = Debug|Any CPU
		{18726A17-9D9C-4551-AE1F-DC841F820E7A}.Release|Any CPU.ActiveCfg = Release|Any CPU
		{18726A17-9D9C-4551-AE1F-DC841F820E7A}.Release|Any CPU.Build.0 = Release|Any CPU
		{C6821C15-8617-4B76-86F5-830F8A994A5B}.Debug|Any CPU.ActiveCfg = Debug|Any CPU
		{C6821C15-8617-4B76-86F5-830F8A994A5B}.Debug|Any CPU.Build.0 = Debug|Any CPU
		{C6821C15-8617-4B76-86F5-830F8A994A5B}.Release|Any CPU.ActiveCfg = Release|Any CPU
		{C6821C15-8617-4B76-86F5-830F8A994A5B}.Release|Any CPU.Build.0 = Release|Any CPU
		{CC7AC589-4AC1-407B-A806-067485D91595}.Debug|Any CPU.ActiveCfg = Debug|Any CPU
		{CC7AC589-4AC1-407B-A806-067485D91595}.Debug|Any CPU.Build.0 = Debug|Any CPU
		{CC7AC589-4AC1-407B-A806-067485D91595}.Release|Any CPU.ActiveCfg = Release|Any CPU
		{CC7AC589-4AC1-407B-A806-067485D91595}.Release|Any CPU.Build.0 = Release|Any CPU
	EndGlobalSection
	GlobalSection(SolutionProperties) = preSolution
		HideSolutionNode = FALSE
	EndGlobalSection
	GlobalSection(ExtensibilityGlobals) = postSolution
		SolutionGuid = {F726E96D-1233-4D4C-9731-D1BC2360F17E}
	EndGlobalSection
EndGlobal
